// !$*UTF8*$!
{
	archiveVersion = 1;
	classes = {
	};
	objectVersion = 56;
	objects = {

/* Begin PBXBuildFile section */
		D9D994AF2BF217B100476BCA /* TcaSampleApp.swift in Sources */ = {isa = PBXBuildFile; fileRef = D9D994AE2BF217B100476BCA /* TcaSampleApp.swift */; };
		D9D994B12BF217B100476BCA /* ContentView.swift in Sources */ = {isa = PBXBuildFile; fileRef = D9D994B02BF217B100476BCA /* ContentView.swift */; };
		D9D994B32BF217B100476BCA /* Item.swift in Sources */ = {isa = PBXBuildFile; fileRef = D9D994B22BF217B100476BCA /* Item.swift */; };
		D9D994B52BF217B200476BCA /* Assets.xcassets in Resources */ = {isa = PBXBuildFile; fileRef = D9D994B42BF217B200476BCA /* Assets.xcassets */; };
		D9D994B82BF217B200476BCA /* Preview Assets.xcassets in Resources */ = {isa = PBXBuildFile; fileRef = D9D994B72BF217B200476BCA /* Preview Assets.xcassets */; };
		D9D994C22BF217B200476BCA /* TcaSampleTests.swift in Sources */ = {isa = PBXBuildFile; fileRef = D9D994C12BF217B200476BCA /* TcaSampleTests.swift */; };
		D9D994CC2BF217B200476BCA /* TcaSampleUITests.swift in Sources */ = {isa = PBXBuildFile; fileRef = D9D994CB2BF217B200476BCA /* TcaSampleUITests.swift */; };
		D9D994CE2BF217B200476BCA /* TcaSampleUITestsLaunchTests.swift in Sources */ = {isa = PBXBuildFile; fileRef = D9D994CD2BF217B200476BCA /* TcaSampleUITestsLaunchTests.swift */; };
/* End PBXBuildFile section */

/* Begin PBXContainerItemProxy section */
		D9D994BE2BF217B200476BCA /* PBXContainerItemProxy */ = {
			isa = PBXContainerItemProxy;
			containerPortal = D9D994A32BF217B100476BCA /* Project object */;
			proxyType = 1;
			remoteGlobalIDString = D9D994AA2BF217B100476BCA;
			remoteInfo = TcaSample;
		};
		D9D994C82BF217B200476BCA /* PBXContainerItemProxy */ = {
			isa = PBXContainerItemProxy;
			containerPortal = D9D994A32BF217B100476BCA /* Project object */;
			proxyType = 1;
			remoteGlobalIDString = D9D994AA2BF217B100476BCA;
			remoteInfo = TcaSample;
		};
/* End PBXContainerItemProxy section */

/* Begin PBXFileReference section */
		D91FA2102C146CD2006F5DBD /* FizzBuzzFeature */ = {isa = PBXFileReference; lastKnownFileType = wrapper; path = FizzBuzzFeature; sourceTree = "<group>"; };
		D9D994AB2BF217B100476BCA /* TcaSample.app */ = {isa = PBXFileReference; explicitFileType = wrapper.application; includeInIndex = 0; path = TcaSample.app; sourceTree = BUILT_PRODUCTS_DIR; };
		D9D994AE2BF217B100476BCA /* TcaSampleApp.swift */ = {isa = PBXFileReference; lastKnownFileType = sourcecode.swift; path = TcaSampleApp.swift; sourceTree = "<group>"; };
		D9D994B02BF217B100476BCA /* ContentView.swift */ = {isa = PBXFileReference; lastKnownFileType = sourcecode.swift; path = ContentView.swift; sourceTree = "<group>"; };
		D9D994B22BF217B100476BCA /* Item.swift */ = {isa = PBXFileReference; lastKnownFileType = sourcecode.swift; path = Item.swift; sourceTree = "<group>"; };
		D9D994B42BF217B200476BCA /* Assets.xcassets */ = {isa = PBXFileReference; lastKnownFileType = folder.assetcatalog; path = Assets.xcassets; sourceTree = "<group>"; };
		D9D994B72BF217B200476BCA /* Preview Assets.xcassets */ = {isa = PBXFileReference; lastKnownFileType = folder.assetcatalog; path = "Preview Assets.xcassets"; sourceTree = "<group>"; };
		D9D994BD2BF217B200476BCA /* TcaSampleTests.xctest */ = {isa = PBXFileReference; explicitFileType = wrapper.cfbundle; includeInIndex = 0; path = TcaSampleTests.xctest; sourceTree = BUILT_PRODUCTS_DIR; };
		D9D994C12BF217B200476BCA /* TcaSampleTests.swift */ = {isa = PBXFileReference; lastKnownFileType = sourcecode.swift; path = TcaSampleTests.swift; sourceTree = "<group>"; };
		D9D994C72BF217B200476BCA /* TcaSampleUITests.xctest */ = {isa = PBXFileReference; explicitFileType = wrapper.cfbundle; includeInIndex = 0; path = TcaSampleUITests.xctest; sourceTree = BUILT_PRODUCTS_DIR; };
		D9D994CB2BF217B200476BCA /* TcaSampleUITests.swift */ = {isa = PBXFileReference; lastKnownFileType = sourcecode.swift; path = TcaSampleUITests.swift; sourceTree = "<group>"; };
		D9D994CD2BF217B200476BCA /* TcaSampleUITestsLaunchTests.swift */ = {isa = PBXFileReference; lastKnownFileType = sourcecode.swift; path = TcaSampleUITestsLaunchTests.swift; sourceTree = "<group>"; };
/* End PBXFileReference section */

/* Begin PBXFrameworksBuildPhase section */
		D9D994A82BF217B100476BCA /* Frameworks */ = {
			isa = PBXFrameworksBuildPhase;
			buildActionMask = 2147483647;
			files = (
			);
			runOnlyForDeploymentPostprocessing = 0;
		};
		D9D994BA2BF217B200476BCA /* Frameworks */ = {
			isa = PBXFrameworksBuildPhase;
			buildActionMask = 2147483647;
			files = (
			);
			runOnlyForDeploymentPostprocessing = 0;
		};
		D9D994C42BF217B200476BCA /* Frameworks */ = {
			isa = PBXFrameworksBuildPhase;
			buildActionMask = 2147483647;
			files = (
			);
			runOnlyForDeploymentPostprocessing = 0;
		};
/* End PBXFrameworksBuildPhase section */

/* Begin PBXGroup section */
		D99605972C0FF032005C2620 /* Frameworks */ = {
			isa = PBXGroup;
			children = (
			);
			name = Frameworks;
			sourceTree = "<group>";
		};
		D9D994A22BF217B100476BCA = {
			isa = PBXGroup;
			children = (
				D9D994AD2BF217B100476BCA /* TcaSample */,
				D9D994C02BF217B200476BCA /* TcaSampleTests */,
				D91FA2102C146CD2006F5DBD /* FizzBuzzFeature */,
				D9D994CA2BF217B200476BCA /* TcaSampleUITests */,
				D9D994AC2BF217B100476BCA /* Products */,
				D99605972C0FF032005C2620 /* Frameworks */,
			);
			sourceTree = "<group>";
		};
		D9D994AC2BF217B100476BCA /* Products */ = {
			isa = PBXGroup;
			children = (
				D9D994AB2BF217B100476BCA /* TcaSample.app */,
				D9D994BD2BF217B200476BCA /* TcaSampleTests.xctest */,
				D9D994C72BF217B200476BCA /* TcaSampleUITests.xctest */,
			);
			name = Products;
			sourceTree = "<group>";
		};
		D9D994AD2BF217B100476BCA /* TcaSample */ = {
			isa = PBXGroup;
			children = (
				D9D994AE2BF217B100476BCA /* TcaSampleApp.swift */,
				D9D994B02BF217B100476BCA /* ContentView.swift */,
				D9D994B22BF217B100476BCA /* Item.swift */,
				D9D994B42BF217B200476BCA /* Assets.xcassets */,
				D9D994B62BF217B200476BCA /* Preview Content */,
			);
			path = TcaSample;
			sourceTree = "<group>";
		};
		D9D994B62BF217B200476BCA /* Preview Content */ = {
			isa = PBXGroup;
			children = (
				D9D994B72BF217B200476BCA /* Preview Assets.xcassets */,
			);
			path = "Preview Content";
			sourceTree = "<group>";
		};
		D9D994C02BF217B200476BCA /* TcaSampleTests */ = {
			isa = PBXGroup;
			children = (
				D9D994C12BF217B200476BCA /* TcaSampleTests.swift */,
			);
			path = TcaSampleTests;
			sourceTree = "<group>";
		};
		D9D994CA2BF217B200476BCA /* TcaSampleUITests */ = {
			isa = PBXGroup;
			children = (
				D9D994CB2BF217B200476BCA /* TcaSampleUITests.swift */,
				D9D994CD2BF217B200476BCA /* TcaSampleUITestsLaunchTests.swift */,
			);
			path = TcaSampleUITests;
			sourceTree = "<group>";
		};
/* End PBXGroup section */

/* Begin PBXNativeTarget section */
		D9D994AA2BF217B100476BCA /* TcaSample */ = {
			isa = PBXNativeTarget;
			buildConfigurationList = D9D994D12BF217B200476BCA /* Build configuration list for PBXNativeTarget "TcaSample" */;
			buildPhases = (
				D9D994A72BF217B100476BCA /* Sources */,
				D9D994A82BF217B100476BCA /* Frameworks */,
				D9D994A92BF217B100476BCA /* Resources */,
			);
			buildRules = (
			);
			dependencies = (
			);
			name = TcaSample;
			packageProductDependencies = (
			);
			productName = TcaSample;
			productReference = D9D994AB2BF217B100476BCA /* TcaSample.app */;
			productType = "com.apple.product-type.application";
		};
		D9D994BC2BF217B200476BCA /* TcaSampleTests */ = {
			isa = PBXNativeTarget;
			buildConfigurationList = D9D994D42BF217B200476BCA /* Build configuration list for PBXNativeTarget "TcaSampleTests" */;
			buildPhases = (
				D9D994B92BF217B200476BCA /* Sources */,
				D9D994BA2BF217B200476BCA /* Frameworks */,
				D9D994BB2BF217B200476BCA /* Resources */,
			);
			buildRules = (
			);
			dependencies = (
				D9D994BF2BF217B200476BCA /* PBXTargetDependency */,
			);
			name = TcaSampleTests;
			packageProductDependencies = (
			);
			productName = TcaSampleTests;
			productReference = D9D994BD2BF217B200476BCA /* TcaSampleTests.xctest */;
			productType = "com.apple.product-type.bundle.unit-test";
		};
		D9D994C62BF217B200476BCA /* TcaSampleUITests */ = {
			isa = PBXNativeTarget;
			buildConfigurationList = D9D994D72BF217B200476BCA /* Build configuration list for PBXNativeTarget "TcaSampleUITests" */;
			buildPhases = (
				D9D994C32BF217B200476BCA /* Sources */,
				D9D994C42BF217B200476BCA /* Frameworks */,
				D9D994C52BF217B200476BCA /* Resources */,
			);
			buildRules = (
			);
			dependencies = (
				D9D994C92BF217B200476BCA /* PBXTargetDependency */,
			);
			name = TcaSampleUITests;
			productName = TcaSampleUITests;
			productReference = D9D994C72BF217B200476BCA /* TcaSampleUITests.xctest */;
			productType = "com.apple.product-type.bundle.ui-testing";
		};
/* End PBXNativeTarget section */

/* Begin PBXProject section */
		D9D994A32BF217B100476BCA /* Project object */ = {
			isa = PBXProject;
			attributes = {
				BuildIndependentTargetsInParallel = 1;
				LastSwiftUpdateCheck = 1530;
				LastUpgradeCheck = 1530;
				TargetAttributes = {
					D9D994AA2BF217B100476BCA = {
						CreatedOnToolsVersion = 15.3;
					};
					D9D994BC2BF217B200476BCA = {
						CreatedOnToolsVersion = 15.3;
						TestTargetID = D9D994AA2BF217B100476BCA;
					};
					D9D994C62BF217B200476BCA = {
						CreatedOnToolsVersion = 15.3;
						TestTargetID = D9D994AA2BF217B100476BCA;
					};
				};
			};
			buildConfigurationList = D9D994A62BF217B100476BCA /* Build configuration list for PBXProject "TcaSample" */;
			compatibilityVersion = "Xcode 14.0";
			developmentRegion = en;
			hasScannedForEncodings = 0;
			knownRegions = (
				en,
				Base,
			);
			mainGroup = D9D994A22BF217B100476BCA;
			packageReferences = (
			);
			productRefGroup = D9D994AC2BF217B100476BCA /* Products */;
			projectDirPath = "";
			projectRoot = "";
			targets = (
				D9D994AA2BF217B100476BCA /* TcaSample */,
				D9D994BC2BF217B200476BCA /* TcaSampleTests */,
				D9D994C62BF217B200476BCA /* TcaSampleUITests */,
			);
		};
/* End PBXProject section */

/* Begin PBXResourcesBuildPhase section */
		D9D994A92BF217B100476BCA /* Resources */ = {
			isa = PBXResourcesBuildPhase;
			buildActionMask = 2147483647;
			files = (
				D9D994B82BF217B200476BCA /* Preview Assets.xcassets in Resources */,
				D9D994B52BF217B200476BCA /* Assets.xcassets in Resources */,
			);
			runOnlyForDeploymentPostprocessing = 0;
		};
		D9D994BB2BF217B200476BCA /* Resources */ = {
			isa = PBXResourcesBuildPhase;
			buildActionMask = 2147483647;
			files = (
			);
			runOnlyForDeploymentPostprocessing = 0;
		};
		D9D994C52BF217B200476BCA /* Resources */ = {
			isa = PBXResourcesBuildPhase;
			buildActionMask = 2147483647;
			files = (
			);
			runOnlyForDeploymentPostprocessing = 0;
		};
/* End PBXResourcesBuildPhase section */

/* Begin PBXSourcesBuildPhase section */
		D9D994A72BF217B100476BCA /* Sources */ = {
			isa = PBXSourcesBuildPhase;
			buildActionMask = 2147483647;
			files = (
				D9D994B12BF217B100476BCA /* ContentView.swift in Sources */,
				D9D994B32BF217B100476BCA /* Item.swift in Sources */,
				D9D994AF2BF217B100476BCA /* TcaSampleApp.swift in Sources */,
			);
			runOnlyForDeploymentPostprocessing = 0;
		};
		D9D994B92BF217B200476BCA /* Sources */ = {
			isa = PBXSourcesBuildPhase;
			buildActionMask = 2147483647;
			files = (
				D9D994C22BF217B200476BCA /* TcaSampleTests.swift in Sources */,
			);
			runOnlyForDeploymentPostprocessing = 0;
		};
		D9D994C32BF217B200476BCA /* Sources */ = {
			isa = PBXSourcesBuildPhase;
			buildActionMask = 2147483647;
			files = (
				D9D994CC2BF217B200476BCA /* TcaSampleUITests.swift in Sources */,
				D9D994CE2BF217B200476BCA /* TcaSampleUITestsLaunchTests.swift in Sources */,
			);
			runOnlyForDeploymentPostprocessing = 0;
		};
/* End PBXSourcesBuildPhase section */

/* Begin PBXTargetDependency section */
		D9D994BF2BF217B200476BCA /* PBXTargetDependency */ = {
			isa = PBXTargetDependency;
			target = D9D994AA2BF217B100476BCA /* TcaSample */;
			targetProxy = D9D994BE2BF217B200476BCA /* PBXContainerItemProxy */;
		};
		D9D994C92BF217B200476BCA /* PBXTargetDependency */ = {
			isa = PBXTargetDependency;
			target = D9D994AA2BF217B100476BCA /* TcaSample */;
			targetProxy = D9D994C82BF217B200476BCA /* PBXContainerItemProxy */;
		};
/* End PBXTargetDependency section */

/* Begin XCBuildConfiguration section */
		D9D994CF2BF217B200476BCA /* Debug */ = {
			isa = XCBuildConfiguration;
			buildSettings = {
				ALWAYS_SEARCH_USER_PATHS = NO;
				ASSETCATALOG_COMPILER_GENERATE_SWIFT_ASSET_SYMBOL_EXTENSIONS = YES;
				CLANG_ANALYZER_NONNULL = YES;
				CLANG_ANALYZER_NUMBER_OBJECT_CONVERSION = YES_AGGRESSIVE;
				CLANG_CXX_LANGUAGE_STANDARD = "gnu++20";
				CLANG_ENABLE_MODULES = YES;
				CLANG_ENABLE_OBJC_ARC = YES;
				CLANG_ENABLE_OBJC_WEAK = YES;
				CLANG_WARN_BLOCK_CAPTURE_AUTORELEASING = YES;
				CLANG_WARN_BOOL_CONVERSION = YES;
				CLANG_WARN_COMMA = YES;
				CLANG_WARN_CONSTANT_CONVERSION = YES;
				CLANG_WARN_DEPRECATED_OBJC_IMPLEMENTATIONS = YES;
				CLANG_WARN_DIRECT_OBJC_ISA_USAGE = YES_ERROR;
				CLANG_WARN_DOCUMENTATION_COMMENTS = YES;
				CLANG_WARN_EMPTY_BODY = YES;
				CLANG_WARN_ENUM_CONVERSION = YES;
				CLANG_WARN_INFINITE_RECURSION = YES;
				CLANG_WARN_INT_CONVERSION = YES;
				CLANG_WARN_NON_LITERAL_NULL_CONVERSION = YES;
				CLANG_WARN_OBJC_IMPLICIT_RETAIN_SELF = YES;
				CLANG_WARN_OBJC_LITERAL_CONVERSION = YES;
				CLANG_WARN_OBJC_ROOT_CLASS = YES_ERROR;
				CLANG_WARN_QUOTED_INCLUDE_IN_FRAMEWORK_HEADER = YES;
				CLANG_WARN_RANGE_LOOP_ANALYSIS = YES;
				CLANG_WARN_STRICT_PROTOTYPES = YES;
				CLANG_WARN_SUSPICIOUS_MOVE = YES;
				CLANG_WARN_UNGUARDED_AVAILABILITY = YES_AGGRESSIVE;
				CLANG_WARN_UNREACHABLE_CODE = YES;
				CLANG_WARN__DUPLICATE_METHOD_MATCH = YES;
				COPY_PHASE_STRIP = NO;
				DEBUG_INFORMATION_FORMAT = dwarf;
				ENABLE_STRICT_OBJC_MSGSEND = YES;
				ENABLE_TESTABILITY = YES;
				ENABLE_USER_SCRIPT_SANDBOXING = YES;
				GCC_C_LANGUAGE_STANDARD = gnu17;
				GCC_DYNAMIC_NO_PIC = NO;
				GCC_NO_COMMON_BLOCKS = YES;
				GCC_OPTIMIZATION_LEVEL = 0;
				GCC_PREPROCESSOR_DEFINITIONS = (
					"DEBUG=1",
					"$(inherited)",
				);
				GCC_WARN_64_TO_32_BIT_CONVERSION = YES;
				GCC_WARN_ABOUT_RETURN_TYPE = YES_ERROR;
				GCC_WARN_UNDECLARED_SELECTOR = YES;
				GCC_WARN_UNINITIALIZED_AUTOS = YES_AGGRESSIVE;
				GCC_WARN_UNUSED_FUNCTION = YES;
				GCC_WARN_UNUSED_VARIABLE = YES;
				IPHONEOS_DEPLOYMENT_TARGET = 17.4;
				LOCALIZATION_PREFERS_STRING_CATALOGS = YES;
				MTL_ENABLE_DEBUG_INFO = INCLUDE_SOURCE;
				MTL_FAST_MATH = YES;
				ONLY_ACTIVE_ARCH = YES;
				SDKROOT = iphoneos;
				SWIFT_ACTIVE_COMPILATION_CONDITIONS = "DEBUG $(inherited)";
				SWIFT_OPTIMIZATION_LEVEL = "-Onone";
			};
			name = Debug;
		};
		D9D994D02BF217B200476BCA /* Release */ = {
			isa = XCBuildConfiguration;
			buildSettings = {
				ALWAYS_SEARCH_USER_PATHS = NO;
				ASSETCATALOG_COMPILER_GENERATE_SWIFT_ASSET_SYMBOL_EXTENSIONS = YES;
				CLANG_ANALYZER_NONNULL = YES;
				CLANG_ANALYZER_NUMBER_OBJECT_CONVERSION = YES_AGGRESSIVE;
				CLANG_CXX_LANGUAGE_STANDARD = "gnu++20";
				CLANG_ENABLE_MODULES = YES;
				CLANG_ENABLE_OBJC_ARC = YES;
				CLANG_ENABLE_OBJC_WEAK = YES;
				CLANG_WARN_BLOCK_CAPTURE_AUTORELEASING = YES;
				CLANG_WARN_BOOL_CONVERSION = YES;
				CLANG_WARN_COMMA = YES;
				CLANG_WARN_CONSTANT_CONVERSION = YES;
				CLANG_WARN_DEPRECATED_OBJC_IMPLEMENTATIONS = YES;
				CLANG_WARN_DIRECT_OBJC_ISA_USAGE = YES_ERROR;
				CLANG_WARN_DOCUMENTATION_COMMENTS = YES;
				CLANG_WARN_EMPTY_BODY = YES;
				CLANG_WARN_ENUM_CONVERSION = YES;
				CLANG_WARN_INFINITE_RECURSION = YES;
				CLANG_WARN_INT_CONVERSION = YES;
				CLANG_WARN_NON_LITERAL_NULL_CONVERSION = YES;
				CLANG_WARN_OBJC_IMPLICIT_RETAIN_SELF = YES;
				CLANG_WARN_OBJC_LITERAL_CONVERSION = YES;
				CLANG_WARN_OBJC_ROOT_CLASS = YES_ERROR;
				CLANG_WARN_QUOTED_INCLUDE_IN_FRAMEWORK_HEADER = YES;
				CLANG_WARN_RANGE_LOOP_ANALYSIS = YES;
				CLANG_WARN_STRICT_PROTOTYPES = YES;
				CLANG_WARN_SUSPICIOUS_MOVE = YES;
				CLANG_WARN_UNGUARDED_AVAILABILITY = YES_AGGRESSIVE;
				CLANG_WARN_UNREACHABLE_CODE = YES;
				CLANG_WARN__DUPLICATE_METHOD_MATCH = YES;
				COPY_PHASE_STRIP = NO;
				DEBUG_INFORMATION_FORMAT = "dwarf-with-dsym";
				ENABLE_NS_ASSERTIONS = NO;
				ENABLE_STRICT_OBJC_MSGSEND = YES;
				ENABLE_USER_SCRIPT_SANDBOXING = YES;
				GCC_C_LANGUAGE_STANDARD = gnu17;
				GCC_NO_COMMON_BLOCKS = YES;
				GCC_WARN_64_TO_32_BIT_CONVERSION = YES;
				GCC_WARN_ABOUT_RETURN_TYPE = YES_ERROR;
				GCC_WARN_UNDECLARED_SELECTOR = YES;
				GCC_WARN_UNINITIALIZED_AUTOS = YES_AGGRESSIVE;
				GCC_WARN_UNUSED_FUNCTION = YES;
				GCC_WARN_UNUSED_VARIABLE = YES;
				IPHONEOS_DEPLOYMENT_TARGET = 17.4;
				LOCALIZATION_PREFERS_STRING_CATALOGS = YES;
				MTL_ENABLE_DEBUG_INFO = NO;
				MTL_FAST_MATH = YES;
				SDKROOT = iphoneos;
				SWIFT_COMPILATION_MODE = wholemodule;
				VALIDATE_PRODUCT = YES;
			};
			name = Release;
		};
		D9D994D22BF217B200476BCA /* Debug */ = {
			isa = XCBuildConfiguration;
			buildSettings = {
				ASSETCATALOG_COMPILER_APPICON_NAME = AppIcon;
				ASSETCATALOG_COMPILER_GLOBAL_ACCENT_COLOR_NAME = AccentColor;
				CODE_SIGN_STYLE = Automatic;
				CURRENT_PROJECT_VERSION = 1;
				DEVELOPMENT_ASSET_PATHS = "\"TcaSample/Preview Content\"";
				DEVELOPMENT_TEAM = 3UBUCAGL83;
				ENABLE_PREVIEWS = YES;
				GENERATE_INFOPLIST_FILE = YES;
				INFOPLIST_KEY_UIApplicationSceneManifest_Generation = YES;
				INFOPLIST_KEY_UIApplicationSupportsIndirectInputEvents = YES;
				INFOPLIST_KEY_UILaunchScreen_Generation = YES;
				INFOPLIST_KEY_UISupportedInterfaceOrientations_iPad = "UIInterfaceOrientationPortrait UIInterfaceOrientationPortraitUpsideDown UIInterfaceOrientationLandscapeLeft UIInterfaceOrientationLandscapeRight";
				INFOPLIST_KEY_UISupportedInterfaceOrientations_iPhone = "UIInterfaceOrientationPortrait UIInterfaceOrientationLandscapeLeft UIInterfaceOrientationLandscapeRight";
				IPHONEOS_DEPLOYMENT_TARGET = 17.0;
				LD_RUNPATH_SEARCH_PATHS = (
					"$(inherited)",
					"@executable_path/Frameworks",
				);
				MARKETING_VERSION = 1.0;
				PRODUCT_BUNDLE_IDENTIFIER = com.example.tca.TcaSample;
				PRODUCT_NAME = "$(TARGET_NAME)";
				SWIFT_EMIT_LOC_STRINGS = YES;
				SWIFT_VERSION = 5.0;
				TARGETED_DEVICE_FAMILY = "1,2";
			};
			name = Debug;
		};
		D9D994D32BF217B200476BCA /* Release */ = {
			isa = XCBuildConfiguration;
			buildSettings = {
				ASSETCATALOG_COMPILER_APPICON_NAME = AppIcon;
				ASSETCATALOG_COMPILER_GLOBAL_ACCENT_COLOR_NAME = AccentColor;
				CODE_SIGN_STYLE = Automatic;
				CURRENT_PROJECT_VERSION = 1;
				DEVELOPMENT_ASSET_PATHS = "\"TcaSample/Preview Content\"";
				DEVELOPMENT_TEAM = 3UBUCAGL83;
				ENABLE_PREVIEWS = YES;
				GENERATE_INFOPLIST_FILE = YES;
				INFOPLIST_KEY_UIApplicationSceneManifest_Generation = YES;
				INFOPLIST_KEY_UIApplicationSupportsIndirectInputEvents = YES;
				INFOPLIST_KEY_UILaunchScreen_Generation = YES;
				INFOPLIST_KEY_UISupportedInterfaceOrientations_iPad = "UIInterfaceOrientationPortrait UIInterfaceOrientationPortraitUpsideDown UIInterfaceOrientationLandscapeLeft UIInterfaceOrientationLandscapeRight";
				INFOPLIST_KEY_UISupportedInterfaceOrientations_iPhone = "UIInterfaceOrientationPortrait UIInterfaceOrientationLandscapeLeft UIInterfaceOrientationLandscapeRight";
				IPHONEOS_DEPLOYMENT_TARGET = 17.0;
				LD_RUNPATH_SEARCH_PATHS = (
					"$(inherited)",
					"@executable_path/Frameworks",
				);
				MARKETING_VERSION = 1.0;
				PRODUCT_BUNDLE_IDENTIFIER = com.example.tca.TcaSample;
				PRODUCT_NAME = "$(TARGET_NAME)";
				SWIFT_EMIT_LOC_STRINGS = YES;
				SWIFT_VERSION = 5.0;
				TARGETED_DEVICE_FAMILY = "1,2";
			};
			name = Release;
		};
		D9D994D52BF217B200476BCA /* Debug */ = {
			isa = XCBuildConfiguration;
			buildSettings = {
				ALWAYS_EMBED_SWIFT_STANDARD_LIBRARIES = YES;
				BUNDLE_LOADER = "$(TEST_HOST)";
				CODE_SIGN_STYLE = Automatic;
				CURRENT_PROJECT_VERSION = 1;
				DEVELOPMENT_TEAM = 3UBUCAGL83;
				GENERATE_INFOPLIST_FILE = YES;
				IPHONEOS_DEPLOYMENT_TARGET = 17.4;
				MARKETING_VERSION = 1.0;
				PRODUCT_BUNDLE_IDENTIFIER = com.example.tca.TcaSampleTests;
				PRODUCT_NAME = "$(TARGET_NAME)";
				SWIFT_EMIT_LOC_STRINGS = NO;
				SWIFT_VERSION = 5.0;
				TARGETED_DEVICE_FAMILY = "1,2";
				TEST_HOST = "$(BUILT_PRODUCTS_DIR)/TcaSample.app/$(BUNDLE_EXECUTABLE_FOLDER_PATH)/TcaSample";
			};
			name = Debug;
		};
		D9D994D62BF217B200476BCA /* Release */ = {
			isa = XCBuildConfiguration;
			buildSettings = {
				ALWAYS_EMBED_SWIFT_STANDARD_LIBRARIES = YES;
				BUNDLE_LOADER = "$(TEST_HOST)";
				CODE_SIGN_STYLE = Automatic;
				CURRENT_PROJECT_VERSION = 1;
				DEVELOPMENT_TEAM = 3UBUCAGL83;
				GENERATE_INFOPLIST_FILE = YES;
				IPHONEOS_DEPLOYMENT_TARGET = 17.4;
				MARKETING_VERSION = 1.0;
				PRODUCT_BUNDLE_IDENTIFIER = com.example.tca.TcaSampleTests;
				PRODUCT_NAME = "$(TARGET_NAME)";
				SWIFT_EMIT_LOC_STRINGS = NO;
				SWIFT_VERSION = 5.0;
				TARGETED_DEVICE_FAMILY = "1,2";
				TEST_HOST = "$(BUILT_PRODUCTS_DIR)/TcaSample.app/$(BUNDLE_EXECUTABLE_FOLDER_PATH)/TcaSample";
			};
			name = Release;
		};
		D9D994D82BF217B200476BCA /* Debug */ = {
			isa = XCBuildConfiguration;
			buildSettings = {
				ALWAYS_EMBED_SWIFT_STANDARD_LIBRARIES = YES;
				CODE_SIGN_STYLE = Automatic;
				CURRENT_PROJECT_VERSION = 1;
				DEVELOPMENT_TEAM = 3UBUCAGL83;
				GENERATE_INFOPLIST_FILE = YES;
				MARKETING_VERSION = 1.0;
				PRODUCT_BUNDLE_IDENTIFIER = com.example.tca.TcaSampleUITests;
				PRODUCT_NAME = "$(TARGET_NAME)";
				SWIFT_EMIT_LOC_STRINGS = NO;
				SWIFT_VERSION = 5.0;
				TARGETED_DEVICE_FAMILY = "1,2";
				TEST_TARGET_NAME = TcaSample;
			};
			name = Debug;
		};
		D9D994D92BF217B200476BCA /* Release */ = {
			isa = XCBuildConfiguration;
			buildSettings = {
				ALWAYS_EMBED_SWIFT_STANDARD_LIBRARIES = YES;
				CODE_SIGN_STYLE = Automatic;
				CURRENT_PROJECT_VERSION = 1;
				DEVELOPMENT_TEAM = 3UBUCAGL83;
				GENERATE_INFOPLIST_FILE = YES;
				MARKETING_VERSION = 1.0;
				PRODUCT_BUNDLE_IDENTIFIER = com.example.tca.TcaSampleUITests;
				PRODUCT_NAME = "$(TARGET_NAME)";
				SWIFT_EMIT_LOC_STRINGS = NO;
				SWIFT_VERSION = 5.0;
				TARGETED_DEVICE_FAMILY = "1,2";
				TEST_TARGET_NAME = TcaSample;
			};
			name = Release;
		};
/* End XCBuildConfiguration section */

/* Begin XCConfigurationList section */
		D9D994A62BF217B100476BCA /* Build configuration list for PBXProject "TcaSample" */ = {
			isa = XCConfigurationList;
			buildConfigurations = (
				D9D994CF2BF217B200476BCA /* Debug */,
				D9D994D02BF217B200476BCA /* Release */,
			);
			defaultConfigurationIsVisible = 0;
			defaultConfigurationName = Release;
		};
		D9D994D12BF217B200476BCA /* Build configuration list for PBXNativeTarget "TcaSample" */ = {
			isa = XCConfigurationList;
			buildConfigurations = (
				D9D994D22BF217B200476BCA /* Debug */,
				D9D994D32BF217B200476BCA /* Release */,
			);
			defaultConfigurationIsVisible = 0;
			defaultConfigurationName = Release;
		};
		D9D994D42BF217B200476BCA /* Build configuration list for PBXNativeTarget "TcaSampleTests" */ = {
			isa = XCConfigurationList;
			buildConfigurations = (
				D9D994D52BF217B200476BCA /* Debug */,
				D9D994D62BF217B200476BCA /* Release */,
			);
			defaultConfigurationIsVisible = 0;
			defaultConfigurationName = Release;
		};
		D9D994D72BF217B200476BCA /* Build configuration list for PBXNativeTarget "TcaSampleUITests" */ = {
			isa = XCConfigurationList;
			buildConfigurations = (
				D9D994D82BF217B200476BCA /* Debug */,
				D9D994D92BF217B200476BCA /* Release */,
			);
			defaultConfigurationIsVisible = 0;
			defaultConfigurationName = Release;
		};
/* End XCConfigurationList section */
	};
	rootObject = D9D994A32BF217B100476BCA /* Project object */;
}
